github.com/Mitrichius/hugo-theme-anubis v0.0.0-20210719062415-5dab60e04a37 h1:0vrI6wVEacYvavNyzq8V+v09h6HywpT+ln59XNjP7n0=
github.com/Mitrichius/hugo-theme-anubis v0.0.0-20210719062415-5dab60e04a37/go.mod h1:f08e2byMxnSPny7f2kFGmYYH3W6DAkkYve0zYyFuNmc=
github.com/Mitrichius/hugo-theme-anubis v0.0.0-20210824182204-9ca723f576b3 h1:VgaAWmeTi7cJmrrI/Lo0A7OJTKrXfcKWItf47i0fUsk=
github.com/Mitrichius/hugo-theme-anubis v0.0.0-20210824182204-9ca723f576b3/go.mod h1:f08e2byMxnSPny7f2kFGmYYH3W6DAkkYve0zYyFuNmc=
github.com/Mitrichius/hugo-theme-anubis v0.0.0-20211001053823-f996392dda0e h1:rwopaEdNas2DEUxXASNstmvVqmLn3AecuRIrHTiCzis=
github.com/Mitrichius/hugo-theme-anubis v0.0.0-20211001053823-f996392dda0e/go.mod h1:f08e2byMxnSPny7f2kFGmYYH3W6DAkkYve0zYyFuNmc=
github.com/janraasch/hugo-bearblog v0.0.0-20210813064204-2fa45b92a24e h1:adnFPBvJUrV7I2q9j+MtaeRtTVrb+oxb9PgyxVcCU1I=
github.com/janraasch/hugo-bearblog v0.0.0-20210813064204-2fa45b92a24e/go.mod h1:qVJ3S3qhkRf6smf5f8vveeV/QX3ui8poHckF6Ykt9AU=
github.com/nodejh/hugo-theme-mini v0.0.0-20210816123832-c293a33d4713 h1:GHqiJjEk0xevOsg0ZvdYS5V25SonYVdeRsFXXIOik0s=
github.com/nodejh/hugo-theme-mini v0.0.0-20210816123832-c293a33d4713/go.mod h1:+Rl6qKesH3DeBOjXcmPXB1L/LwD3RqXzopTzon/jv5Q=
github.com/setsevireon/photophobia v0.0.6 h1:6IA2Zp+Ea7XfP0xOM5U5w/SGmvmRmXkcyiupuMJx0t8=
github.com/setsevireon/photophobia v0.0.6/go.mod h1:IZCqmSmQZahg6Jm1S2a3sjWN3C67akbFS0uGaCnniMc=
